
Microsoft Visual Studio Solution File, Format Version 12.00
Project("{FAE04EC0-301F-11D3-BF4B-00C04F79EFBC}") = "SmartInvestor", "SmartInvestor.csproj", "{2AC42C9A-2982-4C99-90CB-1E5643268265}"
EndProject
Global
	GlobalSection(SolutionConfigurationPlatforms) = preSolution
		Debug|Any CPU = Debug|Any CPU
		Release|Any CPU = Release|Any CPU
	EndGlobalSection
	GlobalSection(ProjectConfigurationPlatforms) = postSolution
		{2AC42C9A-2982-4C99-90CB-1E5643268265}.Debug|Any CPU.ActiveCfg = Debug|Any CPU
		{2AC42C9A-2982-4C99-90CB-1E5643268265}.Debug|Any CPU.Build.0 = Debug|Any CPU
		{2AC42C9A-2982-4C99-90CB-1E5643268265}.Release|Any CPU.ActiveCfg = Release|Any CPU
		{2AC42C9A-2982-4C99-90CB-1E5643268265}.Release|Any CPU.Build.0 = Release|Any CPU
	EndGlobalSection
EndGlobal
